
Microsoft Visual Studio Solution File, Format Version 12.00
# Visual Studio Version 16
VisualStudioVersion = 16.0.30523.141
MinimumVisualStudioVersion = 10.0.40219.1
Project("{FAE04EC0-301F-11D3-BF4B-00C04F79EFBC}") = "pcBuilder.UWP", "pcBuilder\pcBuilder.UWP\pcBuilder.UWP.csproj", "{A554057C-220D-46D0-BED0-45E5070B73E0}"
EndProject
Project("{FAE04EC0-301F-11D3-BF4B-00C04F79EFBC}") = "pcBuilder.Android", "pcBuilder\pcBuilder.Android\pcBuilder.Android.csproj", "{79F462E2-CFE2-4D59-84EA-627060ECD5F4}"
EndProject
Project("{FAE04EC0-301F-11D3-BF4B-00C04F79EFBC}") = "pcBuilder", "pcBuilder\pcBuilder\pcBuilder.csproj", "{6A9F3853-4FDE-461D-9D1F-569570F3AE46}"
EndProject
Global
	GlobalSection(SolutionConfigurationPlatforms) = preSolution
		Debug|Any CPU = Debug|Any CPU
		Debug|ARM = Debug|ARM
		Debug|x64 = Debug|x64
		Debug|x86 = Debug|x86
		Release|Any CPU = Release|Any CPU
		Release|ARM = Release|ARM
		Release|x64 = Release|x64
		Release|x86 = Release|x86
	EndGlobalSection
	GlobalSection(ProjectConfigurationPlatforms) = postSolution
		{A554057C-220D-46D0-BED0-45E5070B73E0}.Debug|Any CPU.ActiveCfg = Debug|x86
		{A554057C-220D-46D0-BED0-45E5070B73E0}.Debug|Any CPU.Build.0 = Debug|x86
		{A554057C-220D-46D0-BED0-45E5070B73E0}.Debug|Any CPU.Deploy.0 = Debug|x86
		{A554057C-220D-46D0-BED0-45E5070B73E0}.Debug|ARM.ActiveCfg = Debug|ARM
		{A554057C-220D-46D0-BED0-45E5070B73E0}.Debug|ARM.Build.0 = Debug|ARM
		{A554057C-220D-46D0-BED0-45E5070B73E0}.Debug|ARM.Deploy.0 = Debug|ARM
		{A554057C-220D-46D0-BED0-45E5070B73E0}.Debug|x64.ActiveCfg = Debug|x64
		{A554057C-220D-46D0-BED0-45E5070B73E0}.Debug|x64.Build.0 = Debug|x64
		{A554057C-220D-46D0-BED0-45E5070B73E0}.Debug|x64.Deploy.0 = Debug|x64
		{A554057C-220D-46D0-BED0-45E5070B73E0}.Debug|x86.ActiveCfg = Debug|x86
		{A554057C-220D-46D0-BED0-45E5070B73E0}.Debug|x86.Build.0 = Debug|x86
		{A554057C-220D-46D0-BED0-45E5070B73E0}.Debug|x86.Deploy.0 = Debug|x86
		{A554057C-220D-46D0-BED0-45E5070B73E0}.Release|Any CPU.ActiveCfg = Release|x86
		{A554057C-220D-46D0-BED0-45E5070B73E0}.Release|Any CPU.Build.0 = Release|x86
		{A554057C-220D-46D0-BED0-45E5070B73E0}.Release|Any CPU.Deploy.0 = Release|x86
		{A554057C-220D-46D0-BED0-45E5070B73E0}.Release|ARM.ActiveCfg = Release|ARM
		{A554057C-220D-46D0-BED0-45E5070B73E0}.Release|ARM.Build.0 = Release|ARM
		{A554057C-220D-46D0-BED0-45E5070B73E0}.Release|ARM.Deploy.0 = Release|ARM
		{A554057C-220D-46D0-BED0-45E5070B73E0}.Release|x64.ActiveCfg = Release|x64
		{A554057C-220D-46D0-BED0-45E5070B73E0}.Release|x64.Build.0 = Release|x64
		{A554057C-220D-46D0-BED0-45E5070B73E0}.Release|x64.Deploy.0 = Release|x64
		{A554057C-220D-46D0-BED0-45E5070B73E0}.Release|x86.ActiveCfg = Release|x86
		{A554057C-220D-46D0-BED0-45E5070B73E0}.Release|x86.Build.0 = Release|x86
		{A554057C-220D-46D0-BED0-45E5070B73E0}.Release|x86.Deploy.0 = Release|x86
		{79F462E2-CFE2-4D59-84EA-627060ECD5F4}.Debug|Any CPU.ActiveCfg = Debug|Any CPU
		{79F462E2-CFE2-4D59-84EA-627060ECD5F4}.Debug|Any CPU.Build.0 = Debug|Any CPU
		{79F462E2-CFE2-4D59-84EA-627060ECD5F4}.Debug|Any CPU.Deploy.0 = Debug|Any CPU
		{79F462E2-CFE2-4D59-84EA-627060ECD5F4}.Debug|ARM.ActiveCfg = Debug|Any CPU
		{79F462E2-CFE2-4D59-84EA-627060ECD5F4}.Debug|ARM.Build.0 = Debug|Any CPU
		{79F462E2-CFE2-4D59-84EA-627060ECD5F4}.Debug|ARM.Deploy.0 = Debug|Any CPU
		{79F462E2-CFE2-4D59-84EA-627060ECD5F4}.Debug|x64.ActiveCfg = Debug|Any CPU
		{79F462E2-CFE2-4D59-84EA-627060ECD5F4}.Debug|x64.Build.0 = Debug|Any CPU
		{79F462E2-CFE2-4D59-84EA-627060ECD5F4}.Debug|x64.Deploy.0 = Debug|Any CPU
		{79F462E2-CFE2-4D59-84EA-627060ECD5F4}.Debug|x86.ActiveCfg = Debug|Any CPU
		{79F462E2-CFE2-4D59-84EA-627060ECD5F4}.Debug|x86.Build.0 = Debug|Any CPU
		{79F462E2-CFE2-4D59-84EA-627060ECD5F4}.Debug|x86.Deploy.0 = Debug|Any CPU
		{79F462E2-CFE2-4D59-84EA-627060ECD5F4}.Release|Any CPU.ActiveCfg = Release|Any CPU
		{79F462E2-CFE2-4D59-84EA-627060ECD5F4}.Release|Any CPU.Build.0 = Release|Any CPU
		{79F462E2-CFE2-4D59-84EA-627060ECD5F4}.Release|Any CPU.Deploy.0 = Release|Any CPU
		{79F462E2-CFE2-4D59-84EA-627060ECD5F4}.Release|ARM.ActiveCfg = Release|Any CPU
		{79F462E2-CFE2-4D59-84EA-627060ECD5F4}.Release|ARM.Build.0 = Release|Any CPU
		{79F462E2-CFE2-4D59-84EA-627060ECD5F4}.Release|ARM.Deploy.0 = Release|Any CPU
		{79F462E2-CFE2-4D59-84EA-627060ECD5F4}.Release|x64.ActiveCfg = Release|Any CPU
		{79F462E2-CFE2-4D59-84EA-627060ECD5F4}.Release|x64.Build.0 = Release|Any CPU
		{79F462E2-CFE2-4D59-84EA-627060ECD5F4}.Release|x64.Deploy.0 = Release|Any CPU
		{79F462E2-CFE2-4D59-84EA-627060ECD5F4}.Release|x86.ActiveCfg = Release|Any CPU
		{79F462E2-CFE2-4D59-84EA-627060ECD5F4}.Release|x86.Build.0 = Release|Any CPU
		{79F462E2-CFE2-4D59-84EA-627060ECD5F4}.Release|x86.Deploy.0 = Release|Any CPU
		{6A9F3853-4FDE-461D-9D1F-569570F3AE46}.Debug|Any CPU.ActiveCfg = Debug|Any CPU
		{6A9F3853-4FDE-461D-9D1F-569570F3AE46}.Debug|Any CPU.Build.0 = Debug|Any CPU
		{6A9F3853-4FDE-461D-9D1F-569570F3AE46}.Debug|Any CPU.Deploy.0 = Debug|Any CPU
		{6A9F3853-4FDE-461D-9D1F-569570F3AE46}.Debug|ARM.ActiveCfg = Debug|Any CPU
		{6A9F3853-4FDE-461D-9D1F-569570F3AE46}.Debug|ARM.Build.0 = Debug|Any CPU
		{6A9F3853-4FDE-461D-9D1F-569570F3AE46}.Debug|ARM.Deploy.0 = Debug|Any CPU
		{6A9F3853-4FDE-461D-9D1F-569570F3AE46}.Debug|x64.ActiveCfg = Debug|Any CPU
		{6A9F3853-4FDE-461D-9D1F-569570F3AE46}.Debug|x64.Build.0 = Debug|Any CPU
		{6A9F3853-4FDE-461D-9D1F-569570F3AE46}.Debug|x64.Deploy.0 = Debug|Any CPU
		{6A9F3853-4FDE-461D-9D1F-569570F3AE46}.Debug|x86.ActiveCfg = Debug|Any CPU
		{6A9F3853-4FDE-461D-9D1F-569570F3AE46}.Debug|x86.Build.0 = Debug|Any CPU
		{6A9F3853-4FDE-461D-9D1F-569570F3AE46}.Debug|x86.Deploy.0 = Debug|Any CPU
		{6A9F3853-4FDE-461D-9D1F-569570F3AE46}.Release|Any CPU.ActiveCfg = Release|Any CPU
		{6A9F3853-4FDE-461D-9D1F-569570F3AE46}.Release|Any CPU.Build.0 = Release|Any CPU
		{6A9F3853-4FDE-461D-9D1F-569570F3AE46}.Release|Any CPU.Deploy.0 = Release|Any CPU
		{6A9F3853-4FDE-461D-9D1F-569570F3AE46}.Release|ARM.ActiveCfg = Release|Any CPU
		{6A9F3853-4FDE-461D-9D1F-569570F3AE46}.Release|ARM.Build.0 = Release|Any CPU
		{6A9F3853-4FDE-461D-9D1F-569570F3AE46}.Release|ARM.Deploy.0 = Release|Any CPU
		{6A9F3853-4FDE-461D-9D1F-569570F3AE46}.Release|x64.ActiveCfg = Release|Any CPU
		{6A9F3853-4FDE-461D-9D1F-569570F3AE46}.Release|x64.Build.0 = Release|Any CPU
		{6A9F3853-4FDE-461D-9D1F-569570F3AE46}.Release|x64.Deploy.0 = Release|Any CPU
		{6A9F3853-4FDE-461D-9D1F-569570F3AE46}.Release|x86.ActiveCfg = Release|Any CPU
		{6A9F3853-4FDE-461D-9D1F-569570F3AE46}.Release|x86.Build.0 = Release|Any CPU
		{6A9F3853-4FDE-461D-9D1F-569570F3AE46}.Release|x86.Deploy.0 = Release|Any CPU
	EndGlobalSection
	GlobalSection(SolutionProperties) = preSolution
		HideSolutionNode = FALSE
	EndGlobalSection
	GlobalSection(ExtensibilityGlobals) = postSolution
		SolutionGuid = {1D667226-EBE5-469E-B733-1A2C3F6E5032}
	EndGlobalSection
EndGlobal
